<?xml version="1.0" encoding="utf-8"?>
<Project ToolsVersion="4.0" xmlns="http://schemas.microsoft.com/developer/msbuild/2003">
  <ItemGroup>
    <Filter Include="源文件">
      <UniqueIdentifier>{4FC737F1-C7A5-4376-A066-2A32D752A2FF}</UniqueIdentifier>
      <Extensions>cpp;c;cc;cxx;def;odl;idl;hpj;bat;asm;asmx</Extensions>
    </Filter>
    <Filter Include="头文件">
      <UniqueIdentifier>{93995380-89BD-4b04-88EB-625FBE52EBFB}</UniqueIdentifier>
      <Extensions>h;hh;hpp;hxx;hm;inl;inc;ipp;xsd</Extensions>
    </Filter>
    <Filter Include="资源文件">
      <UniqueIdentifier>{67DA6AB6-F800-4c08-8B7A-83BB121AAD01}</UniqueIdentifier>
      <Extensions>rc;ico;cur;bmp;dlg;rc2;rct;bin;rgs;gif;jpg;jpeg;jpe;resx;tiff;tif;png;wav;mfcribbon-ms</Extensions>
    </Filter>
    <Filter Include="misc">
      <UniqueIdentifier>{77459339-a320-455f-9487-6e2addcdd91a}</UniqueIdentifier>
    </Filter>
    <Filter Include="logic">
      <UniqueIdentifier>{3bbceddc-680f-4b1e-a6be-87f4b30e12f8}</UniqueIdentifier>
    </Filter>
    <Filter Include="codec">
      <UniqueIdentifier>{6027afea-8747-46a6-8407-1b3ab29e1783}</UniqueIdentifier>
    </Filter>
  </ItemGroup>
  <ItemGroup>
    <ClCompile Include="main.cpp">
      <Filter>源文件</Filter>
    </ClCompile>
    <ClCompile Include="..\proto\player.pb.cc">
      <Filter>源文件</Filter>
    </ClCompile>
    <ClCompile Include="..\codec\codec.cpp">
      <Filter>codec</Filter>
    </ClCompile>
    <ClCompile Include="logic\logic.cpp">
      <Filter>logic</Filter>
    </ClCompile>
    <ClCompile Include="misc\misc.cpp">
      <Filter>misc</Filter>
    </ClCompile>
  </ItemGroup>
  <ItemGroup>
    <ClInclude Include="..\proto\player.pb.h">
      <Filter>头文件</Filter>
    </ClInclude>
    <ClInclude Include="..\codec\codec.h">
      <Filter>codec</Filter>
    </ClInclude>
    <ClInclude Include="logic\logic.h">
      <Filter>logic</Filter>
    </ClInclude>
    <ClInclude Include="misc\misc.h">
      <Filter>misc</Filter>
    </ClInclude>
  </ItemGroup>
</Project>